
Microsoft Visual Studio Solution File, Format Version 12.00
# Visual Studio Version 16
VisualStudioVersion = 16.0.28803.156
MinimumVisualStudioVersion = 10.0.40219.1
Project("{9A19103F-16F7-4668-BE54-9A1E7A4F7556}") = "Replanetizer", "Replanetizer\Replanetizer.csproj", "{64C85D02-C923-458C-A67E-7B29D5147A4F}"
EndProject
Project("{9A19103F-16F7-4668-BE54-9A1E7A4F7556}") = "LibReplanetizer", "LibReplanetizer\LibReplanetizer.csproj", "{2834446D-B36C-4CE0-9629-FCF43F8F2ACD}"
EndProject
Project("{9A19103F-16F7-4668-BE54-9A1E7A4F7556}") = "LibReplanetizer.Tests", "LibReplanetizer.Tests\LibReplanetizer.Tests.csproj", "{A1B2C3D4-E5F6-7890-ABCD-EF1234567890}"
EndProject
Project("{9A19103F-16F7-4668-BE54-9A1E7A4F7556}") = "LibReplanetizer.SerializationDiffTool", "LibReplanetizer.SerializationDiffTool\LibReplanetizer.SerializationDiffTool.csproj", "{1AF6D6CD-10AF-4F31-A6BB-E532FD062BA7}"
EndProject
Project("{FAE04EC0-301F-11D3-BF4B-00C04F79EFBC}") = "Replanetizer.Tests", "Replanetizer.Tests\Replanetizer.Tests.csproj", "{D737B222-7669-43B2-80FC-294B9A27C5C8}"
EndProject
Global
	GlobalSection(SolutionConfigurationPlatforms) = preSolution
		Debug|Any CPU = Debug|Any CPU
		Debug|x64 = Debug|x64
		Debug|x86 = Debug|x86
		Release|Any CPU = Release|Any CPU
		Release|x64 = Release|x64
		Release|x86 = Release|x86
	EndGlobalSection
	GlobalSection(ProjectConfigurationPlatforms) = postSolution
		{64C85D02-C923-458C-A67E-7B29D5147A4F}.Debug|Any CPU.ActiveCfg = Debug|Any CPU
		{64C85D02-C923-458C-A67E-7B29D5147A4F}.Debug|Any CPU.Build.0 = Debug|Any CPU
		{64C85D02-C923-458C-A67E-7B29D5147A4F}.Debug|x64.ActiveCfg = Debug|x64
		{64C85D02-C923-458C-A67E-7B29D5147A4F}.Debug|x64.Build.0 = Debug|x64
		{64C85D02-C923-458C-A67E-7B29D5147A4F}.Debug|x86.ActiveCfg = Debug|Any CPU
		{64C85D02-C923-458C-A67E-7B29D5147A4F}.Debug|x86.Build.0 = Debug|Any CPU
		{64C85D02-C923-458C-A67E-7B29D5147A4F}.Release|Any CPU.ActiveCfg = Release|Any CPU
		{64C85D02-C923-458C-A67E-7B29D5147A4F}.Release|Any CPU.Build.0 = Release|Any CPU
		{64C85D02-C923-458C-A67E-7B29D5147A4F}.Release|x64.ActiveCfg = Release|x64
		{64C85D02-C923-458C-A67E-7B29D5147A4F}.Release|x64.Build.0 = Release|x64
		{64C85D02-C923-458C-A67E-7B29D5147A4F}.Release|x86.ActiveCfg = Release|Any CPU
		{64C85D02-C923-458C-A67E-7B29D5147A4F}.Release|x86.Build.0 = Release|Any CPU
		{2834446D-B36C-4CE0-9629-FCF43F8F2ACD}.Debug|Any CPU.ActiveCfg = Debug|Any CPU
		{2834446D-B36C-4CE0-9629-FCF43F8F2ACD}.Debug|Any CPU.Build.0 = Debug|Any CPU
		{2834446D-B36C-4CE0-9629-FCF43F8F2ACD}.Debug|x64.ActiveCfg = Debug|Any CPU
		{2834446D-B36C-4CE0-9629-FCF43F8F2ACD}.Debug|x64.Build.0 = Debug|Any CPU
		{2834446D-B36C-4CE0-9629-FCF43F8F2ACD}.Debug|x86.ActiveCfg = Debug|Any CPU
		{2834446D-B36C-4CE0-9629-FCF43F8F2ACD}.Debug|x86.Build.0 = Debug|Any CPU
		{2834446D-B36C-4CE0-9629-FCF43F8F2ACD}.Release|Any CPU.ActiveCfg = Release|Any CPU
		{2834446D-B36C-4CE0-9629-FCF43F8F2ACD}.Release|Any CPU.Build.0 = Release|Any CPU
		{2834446D-B36C-4CE0-9629-FCF43F8F2ACD}.Release|x64.ActiveCfg = Release|Any CPU
		{2834446D-B36C-4CE0-9629-FCF43F8F2ACD}.Release|x64.Build.0 = Release|Any CPU
		{2834446D-B36C-4CE0-9629-FCF43F8F2ACD}.Release|x86.ActiveCfg = Release|Any CPU
		{2834446D-B36C-4CE0-9629-FCF43F8F2ACD}.Release|x86.Build.0 = Release|Any CPU
		{A1B2C3D4-E5F6-7890-ABCD-EF1234567890}.Debug|Any CPU.ActiveCfg = Debug|Any CPU
		{A1B2C3D4-E5F6-7890-ABCD-EF1234567890}.Debug|Any CPU.Build.0 = Debug|Any CPU
		{A1B2C3D4-E5F6-7890-ABCD-EF1234567890}.Debug|x64.ActiveCfg = Debug|Any CPU
		{A1B2C3D4-E5F6-7890-ABCD-EF1234567890}.Debug|x64.Build.0 = Debug|Any CPU
		{A1B2C3D4-E5F6-7890-ABCD-EF1234567890}.Debug|x86.ActiveCfg = Debug|Any CPU
		{A1B2C3D4-E5F6-7890-ABCD-EF1234567890}.Debug|x86.Build.0 = Debug|Any CPU
		{A1B2C3D4-E5F6-7890-ABCD-EF1234567890}.Release|Any CPU.ActiveCfg = Release|Any CPU
		{A1B2C3D4-E5F6-7890-ABCD-EF1234567890}.Release|Any CPU.Build.0 = Release|Any CPU
		{A1B2C3D4-E5F6-7890-ABCD-EF1234567890}.Release|x64.ActiveCfg = Release|Any CPU
		{A1B2C3D4-E5F6-7890-ABCD-EF1234567890}.Release|x64.Build.0 = Release|Any CPU
		{A1B2C3D4-E5F6-7890-ABCD-EF1234567890}.Release|x86.ActiveCfg = Release|Any CPU
		{A1B2C3D4-E5F6-7890-ABCD-EF1234567890}.Release|x86.Build.0 = Release|Any CPU
		{1AF6D6CD-10AF-4F31-A6BB-E532FD062BA7}.Debug|Any CPU.ActiveCfg = Debug|Any CPU
		{1AF6D6CD-10AF-4F31-A6BB-E532FD062BA7}.Debug|Any CPU.Build.0 = Debug|Any CPU
		{1AF6D6CD-10AF-4F31-A6BB-E532FD062BA7}.Debug|x64.ActiveCfg = Debug|Any CPU
		{1AF6D6CD-10AF-4F31-A6BB-E532FD062BA7}.Debug|x64.Build.0 = Debug|Any CPU
		{1AF6D6CD-10AF-4F31-A6BB-E532FD062BA7}.Debug|x86.ActiveCfg = Debug|Any CPU
		{1AF6D6CD-10AF-4F31-A6BB-E532FD062BA7}.Debug|x86.Build.0 = Debug|Any CPU
		{1AF6D6CD-10AF-4F31-A6BB-E532FD062BA7}.Release|Any CPU.ActiveCfg = Release|Any CPU
		{1AF6D6CD-10AF-4F31-A6BB-E532FD062BA7}.Release|Any CPU.Build.0 = Release|Any CPU
		{1AF6D6CD-10AF-4F31-A6BB-E532FD062BA7}.Release|x64.ActiveCfg = Release|Any CPU
		{1AF6D6CD-10AF-4F31-A6BB-E532FD062BA7}.Release|x64.Build.0 = Release|Any CPU
		{1AF6D6CD-10AF-4F31-A6BB-E532FD062BA7}.Release|x86.ActiveCfg = Release|Any CPU
		{1AF6D6CD-10AF-4F31-A6BB-E532FD062BA7}.Release|x86.Build.0 = Release|Any CPU
		{D737B222-7669-43B2-80FC-294B9A27C5C8}.Debug|Any CPU.ActiveCfg = Debug|Any CPU
		{D737B222-7669-43B2-80FC-294B9A27C5C8}.Debug|Any CPU.Build.0 = Debug|Any CPU
		{D737B222-7669-43B2-80FC-294B9A27C5C8}.Debug|x64.ActiveCfg = Debug|Any CPU
		{D737B222-7669-43B2-80FC-294B9A27C5C8}.Debug|x64.Build.0 = Debug|Any CPU
		{D737B222-7669-43B2-80FC-294B9A27C5C8}.Debug|x86.ActiveCfg = Debug|Any CPU
		{D737B222-7669-43B2-80FC-294B9A27C5C8}.Debug|x86.Build.0 = Debug|Any CPU
		{D737B222-7669-43B2-80FC-294B9A27C5C8}.Release|Any CPU.ActiveCfg = Release|Any CPU
		{D737B222-7669-43B2-80FC-294B9A27C5C8}.Release|Any CPU.Build.0 = Release|Any CPU
		{D737B222-7669-43B2-80FC-294B9A27C5C8}.Release|x64.ActiveCfg = Release|Any CPU
		{D737B222-7669-43B2-80FC-294B9A27C5C8}.Release|x64.Build.0 = Release|Any CPU
		{D737B222-7669-43B2-80FC-294B9A27C5C8}.Release|x86.ActiveCfg = Release|Any CPU
		{D737B222-7669-43B2-80FC-294B9A27C5C8}.Release|x86.Build.0 = Release|Any CPU
	EndGlobalSection
	GlobalSection(SolutionProperties) = preSolution
		HideSolutionNode = FALSE
	EndGlobalSection
	GlobalSection(ExtensibilityGlobals) = postSolution
		SolutionGuid = {D8CBE1A8-B66E-4CD6-853E-6F13430FCE04}
	EndGlobalSection
EndGlobal
